
Microsoft Visual Studio Solution File, Format Version 12.00
# Visual Studio Version 17
VisualStudioVersion = 17.9.34622.214
MinimumVisualStudioVersion = 10.0.40219.1
Project("{FAE04EC0-301F-11D3-BF4B-00C04F79EFBC}") = "CrawlMedicineData", "CrawlMedicineData\CrawlMedicineData.csproj", "{1293D791-02EC-4838-999A-0ADDAFC595A0}"
EndProject
Global
	GlobalSection(SolutionConfigurationPlatforms) = preSolution
		Debug|Any CPU = Debug|Any CPU
		Release|Any CPU = Release|Any CPU
	EndGlobalSection
	GlobalSection(ProjectConfigurationPlatforms) = postSolution
		{1293D791-02EC-4838-999A-0ADDAFC595A0}.Debug|Any CPU.ActiveCfg = Debug|Any CPU
		{1293D791-02EC-4838-999A-0ADDAFC595A0}.Debug|Any CPU.Build.0 = Debug|Any CPU
		{1293D791-02EC-4838-999A-0ADDAFC595A0}.Release|Any CPU.ActiveCfg = Release|Any CPU
		{1293D791-02EC-4838-999A-0ADDAFC595A0}.Release|Any CPU.Build.0 = Release|Any CPU
	EndGlobalSection
	GlobalSection(SolutionProperties) = preSolution
		HideSolutionNode = FALSE
	EndGlobalSection
	GlobalSection(ExtensibilityGlobals) = postSolution
		SolutionGuid = {A79EB9FA-DFF0-480E-80C8-99743787FE26}
	EndGlobalSection
EndGlobal
